{
  "name": "programme-musical-2026",
  "version": "1.0.0",
  "lockfileVersion": 3,
  "requires": true,
  "packages": {
    "": {
      "name": "programme-musical-2026",
      "version": "1.0.0",
      "license": "MIT",
      "dependencies": {
        "@notionhq/client": "^4.0.0"
      },
      "devDependencies": {}
    },
    "node_modules/@notionhq/client": {
      "version": "4.0.0",
      "resolved": "https://registry.npmjs.org/@notionhq/client/-/client-4.0.0.tgz",
      "integrity": "sha512-repLjfvmiwZ/oKAULpudXZ67VnXaGpr+AbzRXOntO89v8kslVlUfZX/VLgKRzQ0gRWGBabtFp+5YoTRuhQp6jA==",
      "license": "MIT",
      "engines": {
        "node": ">=18"
      }
    }
  }
}
